// !$*UTF8*$!
{
	archiveVersion = 1;
	classes = {
	};
	objectVersion = 50;
	objects = {

/* Begin PBXBuildFile section */
		A1C2C7C223B03E1700BD3776 /* AppDelegate.swift in Sources */ = {isa = PBXBuildFile; fileRef = A1C2C7C123B03E1700BD3776 /* AppDelegate.swift */; };
		A1C2C7C423B03E1700BD3776 /* SceneDelegate.swift in Sources */ = {isa = PBXBuildFile; fileRef = A1C2C7C323B03E1700BD3776 /* SceneDelegate.swift */; };
		A1C2C7C623B03E1700BD3776 /* ViewController.swift in Sources */ = {isa = PBXBuildFile; fileRef = A1C2C7C523B03E1700BD3776 /* ViewController.swift */; };
		A1C2C7C923B03E1700BD3776 /* Main.storyboard in Resources */ = {isa = PBXBuildFile; fileRef = A1C2C7C723B03E1700BD3776 /* Main.storyboard */; };
		A1C2C7CB23B03E1A00BD3776 /* Assets.xcassets in Resources */ = {isa = PBXBuildFile; fileRef = A1C2C7CA23B03E1A00BD3776 /* Assets.xcassets */; };
		A1C2C7CE23B03E1A00BD3776 /* LaunchScreen.storyboard in Resources */ = {isa = PBXBuildFile; fileRef = A1C2C7CC23B03E1A00BD3776 /* LaunchScreen.storyboard */; };
/* End PBXBuildFile section */

/* Begin PBXFileReference section */
		A1C2C7BE23B03E1700BD3776 /* Conversores.app */ = {isa = PBXFileReference; explicitFileType = wrapper.application; includeInIndex = 0; path = Conversores.app; sourceTree = BUILT_PRODUCTS_DIR; };
		A1C2C7C123B03E1700BD3776 /* AppDelegate.swift */ = {isa = PBXFileReference; lastKnownFileType = sourcecode.swift; path = AppDelegate.swift; sourceTree = "<group>"; };
		A1C2C7C323B03E1700BD3776 /* SceneDelegate.swift */ = {isa = PBXFileReference; lastKnownFileType = sourcecode.swift; path = SceneDelegate.swift; sourceTree = "<group>"; };
		A1C2C7C523B03E1700BD3776 /* ViewController.swift */ = {isa = PBXFileReference; lastKnownFileType = sourcecode.swift; path = ViewController.swift; sourceTree = "<group>"; };
		A1C2C7C823B03E1700BD3776 /* Base */ = {isa = PBXFileReference; lastKnownFileType = file.storyboard; name = Base; path = Base.lproj/Main.storyboard; sourceTree = "<group>"; };
		A1C2C7CA23B03E1A00BD3776 /* Assets.xcassets */ = {isa = PBXFileReference; lastKnownFileType = folder.assetcatalog; path = Assets.xcassets; sourceTree = "<group>"; };
		A1C2C7CD23B03E1A00BD3776 /* Base */ = {isa = PBXFileReference; lastKnownFileType = file.storyboard; name = Base; path = Base.lproj/LaunchScreen.storyboard; sourceTree = "<group>"; };
		A1C2C7CF23B03E1A00BD3776 /* Info.plist */ = {isa = PBXFileReference; lastKnownFileType = text.plist.xml; path = Info.plist; sourceTree = "<group>"; };
/* End PBXFileReference section */

/* Begin PBXFrameworksBuildPhase section */
		A1C2C7BB23B03E1700BD3776 /* Frameworks */ = {
			isa = PBXFrameworksBuildPhase;
			buildActionMask = 2147483647;
			files = (
			);
			runOnlyForDeploymentPostprocessing = 0;
		};
/* End PBXFrameworksBuildPhase section */

/* Begin PBXGroup section */
		A1C2C7B523B03E1700BD3776 = {
			isa = PBXGroup;
			children = (
				A1C2C7C023B03E1700BD3776 /* Conversores */,
				A1C2C7BF23B03E1700BD3776 /* Products */,
			);
			sourceTree = "<group>";
		};
		A1C2C7BF23B03E1700BD3776 /* Products */ = {
			isa = PBXGroup;
			children = (
				A1C2C7BE23B03E1700BD3776 /* Conversores.app */,
			);
			name = Products;
			sourceTree = "<group>";
		};
		A1C2C7C023B03E1700BD3776 /* Conversores */ = {
			isa = PBXGroup;
			children = (
				A1C2C7C123B03E1700BD3776 /* AppDelegate.swift */,
				A1C2C7C323B03E1700BD3776 /* SceneDelegate.swift */,
				A1C2C7C523B03E1700BD3776 /* ViewController.swift */,
				A1C2C7C723B03E1700BD3776 /* Main.storyboard */,
				A1C2C7CA23B03E1A00BD3776 /* Assets.xcassets */,
				A1C2C7CC23B03E1A00BD3776 /* LaunchScreen.storyboard */,
				A1C2C7CF23B03E1A00BD3776 /* Info.plist */,
			);
			path = Conversores;
			sourceTree = "<group>";
		};
/* End PBXGroup section */

/* Begin PBXNativeTarget section */
		A1C2C7BD23B03E1700BD3776 /* Conversores */ = {
			isa = PBXNativeTarget;
			buildConfigurationList = A1C2C7D223B03E1A00BD3776 /* Build configuration list for PBXNativeTarget "Conversores" */;
			buildPhases = (
				A1C2C7BA23B03E1700BD3776 /* Sources */,
				A1C2C7BB23B03E1700BD3776 /* Frameworks */,
				A1C2C7BC23B03E1700BD3776 /* Resources */,
			);
			buildRules = (
			);
			dependencies = (
			);
			name = Conversores;
			productName = Conversores;
			productReference = A1C2C7BE23B03E1700BD3776 /* Conversores.app */;
			productType = "com.apple.product-type.application";
		};
/* End PBXNativeTarget section */

/* Begin PBXProject section */
		A1C2C7B623B03E1700BD3776 /* Project object */ = {
			isa = PBXProject;
			attributes = {
				LastSwiftUpdateCheck = 1130;
				LastUpgradeCheck = 1130;
				ORGANIZATIONNAME = "Pedro Luiz";
				TargetAttributes = {
					A1C2C7BD23B03E1700BD3776 = {
						CreatedOnToolsVersion = 11.3;
					};
				};
			};
			buildConfigurationList = A1C2C7B923B03E1700BD3776 /* Build configuration list for PBXProject "Conversores" */;
			compatibilityVersion = "Xcode 9.3";
			developmentRegion = en;
			hasScannedForEncodings = 0;
			knownRegions = (
				en,
				Base,
			);
			mainGroup = A1C2C7B523B03E1700BD3776;
			productRefGroup = A1C2C7BF23B03E1700BD3776 /* Products */;
			projectDirPath = "";
			projectRoot = "";
			targets = (
				A1C2C7BD23B03E1700BD3776 /* Conversores */,
			);
		};
/* End PBXProject section */

/* Begin PBXResourcesBuildPhase section */
		A1C2C7BC23B03E1700BD3776 /* Resources */ = {
			isa = PBXResourcesBuildPhase;
			buildActionMask = 2147483647;
			files = (
				A1C2C7CE23B03E1A00BD3776 /* LaunchScreen.storyboard in Resources */,
				A1C2C7CB23B03E1A00BD3776 /* Assets.xcassets in Resources */,
				A1C2C7C923B03E1700BD3776 /* Main.storyboard in Resources */,
			);
			runOnlyForDeploymentPostprocessing = 0;
		};
/* End PBXResourcesBuildPhase section */

/* Begin PBXSourcesBuildPhase section */
		A1C2C7BA23B03E1700BD3776 /* Sources */ = {
			isa = PBXSourcesBuildPhase;
			buildActionMask = 2147483647;
			files = (
				A1C2C7C623B03E1700BD3776 /* ViewController.swift in Sources */,
				A1C2C7C223B03E1700BD3776 /* AppDelegate.swift in Sources */,
				A1C2C7C423B03E1700BD3776 /* SceneDelegate.swift in Sources */,
			);
			runOnlyForDeploymentPostprocessing = 0;
		};
/* End PBXSourcesBuildPhase section */

/* Begin PBXVariantGroup section */
		A1C2C7C723B03E1700BD3776 /* Main.storyboard */ = {
			isa = PBXVariantGroup;
			children = (
				A1C2C7C823B03E1700BD3776 /* Base */,
			);
			name = Main.storyboard;
			sourceTree = "<group>";
		};
		A1C2C7CC23B03E1A00BD3776 /* LaunchScreen.storyboard */ = {
			isa = PBXVariantGroup;
			children = (
				A1C2C7CD23B03E1A00BD3776 /* Base */,
			);
			name = LaunchScreen.storyboard;
			sourceTree = "<group>";
		};
/* End PBXVariantGroup section */

/* Begin XCBuildConfiguration section */
		A1C2C7D023B03E1A00BD3776 /* Debug */ = {
			isa = XCBuildConfiguration;
			buildSettings = {
				ALWAYS_SEARCH_USER_PATHS = NO;
				CLANG_ANALYZER_NONNULL = YES;
				CLANG_ANALYZER_NUMBER_OBJECT_CONVERSION = YES_AGGRESSIVE;
				CLANG_CXX_LANGUAGE_STANDARD = "gnu++14";
				CLANG_CXX_LIBRARY = "libc++";
				CLANG_ENABLE_MODULES = YES;
				CLANG_ENABLE_OBJC_ARC = YES;
				CLANG_ENABLE_OBJC_WEAK = YES;
				CLANG_WARN_BLOCK_CAPTURE_AUTORELEASING = YES;
				CLANG_WARN_BOOL_CONVERSION = YES;
				CLANG_WARN_COMMA = YES;
				CLANG_WARN_CONSTANT_CONVERSION = YES;
				CLANG_WARN_DEPRECATED_OBJC_IMPLEMENTATIONS = YES;
				CLANG_WARN_DIRECT_OBJC_ISA_USAGE = YES_ERROR;
				CLANG_WARN_DOCUMENTATION_COMMENTS = YES;
				CLANG_WARN_EMPTY_BODY = YES;
				CLANG_WARN_ENUM_CONVERSION = YES;
				CLANG_WARN_INFINITE_RECURSION = YES;
				CLANG_WARN_INT_CONVERSION = YES;
				CLANG_WARN_NON_LITERAL_NULL_CONVERSION = YES;
				CLANG_WARN_OBJC_IMPLICIT_RETAIN_SELF = YES;
				CLANG_WARN_OBJC_LITERAL_CONVERSION = YES;
				CLANG_WARN_OBJC_ROOT_CLASS = YES_ERROR;
				CLANG_WARN_RANGE_LOOP_ANALYSIS = YES;
				CLANG_WARN_STRICT_PROTOTYPES = YES;
				CLANG_WARN_SUSPICIOUS_MOVE = YES;
				CLANG_WARN_UNGUARDED_AVAILABILITY = YES_AGGRESSIVE;
				CLANG_WARN_UNREACHABLE_CODE = YES;
				CLANG_WARN__DUPLICATE_METHOD_MATCH = YES;
				COPY_PHASE_STRIP = NO;
				DEBUG_INFORMATION_FORMAT = dwarf;
				ENABLE_STRICT_OBJC_MSGSEND = YES;
				ENABLE_TESTABILITY = YES;
				GCC_C_LANGUAGE_STANDARD = gnu11;
				GCC_DYNAMIC_NO_PIC = NO;
				GCC_NO_COMMON_BLOCKS = YES;
				GCC_OPTIMIZATION_LEVEL = 0;
				GCC_PREPROCESSOR_DEFINITIONS = (
					"DEBUG=1",
					"$(inherited)",
				);
				GCC_WARN_64_TO_32_BIT_CONVERSION = YES;
				GCC_WARN_ABOUT_RETURN_TYPE = YES_ERROR;
				GCC_WARN_UNDECLARED_SELECTOR = YES;
				GCC_WARN_UNINITIALIZED_AUTOS = YES_AGGRESSIVE;
				GCC_WARN_UNUSED_FUNCTION = YES;
				GCC_WARN_UNUSED_VARIABLE = YES;
				IPHONEOS_DEPLOYMENT_TARGET = 13.2;
				MTL_ENABLE_DEBUG_INFO = INCLUDE_SOURCE;
				MTL_FAST_MATH = YES;
				ONLY_ACTIVE_ARCH = YES;
				SDKROOT = iphoneos;
				SWIFT_ACTIVE_COMPILATION_CONDITIONS = DEBUG;
				SWIFT_OPTIMIZATION_LEVEL = "-Onone";
			};
			name = Debug;
		};
		A1C2C7D123B03E1A00BD3776 /* Release */ = {
			isa = XCBuildConfiguration;
			buildSettings = {
				ALWAYS_SEARCH_USER_PATHS = NO;
				CLANG_ANALYZER_NONNULL = YES;
				CLANG_ANALYZER_NUMBER_OBJECT_CONVERSION = YES_AGGRESSIVE;
				CLANG_CXX_LANGUAGE_STANDARD = "gnu++14";
				CLANG_CXX_LIBRARY = "libc++";
				CLANG_ENABLE_MODULES = YES;
				CLANG_ENABLE_OBJC_ARC = YES;
				CLANG_ENABLE_OBJC_WEAK = YES;
				CLANG_WARN_BLOCK_CAPTURE_AUTORELEASING = YES;
				CLANG_WARN_BOOL_CONVERSION = YES;
				CLANG_WARN_COMMA = YES;
				CLANG_WARN_CONSTANT_CONVERSION = YES;
				CLANG_WARN_DEPRECATED_OBJC_IMPLEMENTATIONS = YES;
				CLANG_WARN_DIRECT_OBJC_ISA_USAGE = YES_ERROR;
				CLANG_WARN_DOCUMENTATION_COMMENTS = YES;
				CLANG_WARN_EMPTY_BODY = YES;
				CLANG_WARN_ENUM_CONVERSION = YES;
				CLANG_WARN_INFINITE_RECURSION = YES;
				CLANG_WARN_INT_CONVERSION = YES;
				CLANG_WARN_NON_LITERAL_NULL_CONVERSION = YES;
				CLANG_WARN_OBJC_IMPLICIT_RETAIN_SELF = YES;
				CLANG_WARN_OBJC_LITERAL_CONVERSION = YES;
				CLANG_WARN_OBJC_ROOT_CLASS = YES_ERROR;
				CLANG_WARN_RANGE_LOOP_ANALYSIS = YES;
				CLANG_WARN_STRICT_PROTOTYPES = YES;
				CLANG_WARN_SUSPICIOUS_MOVE = YES;
				CLANG_WARN_UNGUARDED_AVAILABILITY = YES_AGGRESSIVE;
				CLANG_WARN_UNREACHABLE_CODE = YES;
				CLANG_WARN__DUPLICATE_METHOD_MATCH = YES;
				COPY_PHASE_STRIP = NO;
				DEBUG_INFORMATION_FORMAT = "dwarf-with-dsym";
				ENABLE_NS_ASSERTIONS = NO;
				ENABLE_STRICT_OBJC_MSGSEND = YES;
				GCC_C_LANGUAGE_STANDARD = gnu11;
				GCC_NO_COMMON_BLOCKS = YES;
				GCC_WARN_64_TO_32_BIT_CONVERSION = YES;
				GCC_WARN_ABOUT_RETURN_TYPE = YES_ERROR;
				GCC_WARN_UNDECLARED_SELECTOR = YES;
				GCC_WARN_UNINITIALIZED_AUTOS = YES_AGGRESSIVE;
				GCC_WARN_UNUSED_FUNCTION = YES;
				GCC_WARN_UNUSED_VARIABLE = YES;
				IPHONEOS_DEPLOYMENT_TARGET = 13.2;
				MTL_ENABLE_DEBUG_INFO = NO;
				MTL_FAST_MATH = YES;
				SDKROOT = iphoneos;
				SWIFT_COMPILATION_MODE = wholemodule;
				SWIFT_OPTIMIZATION_LEVEL = "-O";
				VALIDATE_PRODUCT = YES;
			};
			name = Release;
		};
		A1C2C7D323B03E1A00BD3776 /* Debug */ = {
			isa = XCBuildConfiguration;
			buildSettings = {
				ASSETCATALOG_COMPILER_APPICON_NAME = AppIcon;
				CODE_SIGN_STYLE = Automatic;
				INFOPLIST_FILE = Conversores/Info.plist;
				LD_RUNPATH_SEARCH_PATHS = (
					"$(inherited)",
					"@executable_path/Frameworks",
				);
				PRODUCT_BUNDLE_IDENTIFIER = com.pedromelo.Conversores;
				PRODUCT_NAME = "$(TARGET_NAME)";
				SWIFT_VERSION = 5.0;
				TARGETED_DEVICE_FAMILY = "1,2";
			};
			name = Debug;
		};
		A1C2C7D423B03E1A00BD3776 /* Release */ = {
			isa = XCBuildConfiguration;
			buildSettings = {
				ASSETCATALOG_COMPILER_APPICON_NAME = AppIcon;
				CODE_SIGN_STYLE = Automatic;
				INFOPLIST_FILE = Conversores/Info.plist;
				LD_RUNPATH_SEARCH_PATHS = (
					"$(inherited)",
					"@executable_path/Frameworks",
				);
				PRODUCT_BUNDLE_IDENTIFIER = com.pedromelo.Conversores;
				PRODUCT_NAME = "$(TARGET_NAME)";
				SWIFT_VERSION = 5.0;
				TARGETED_DEVICE_FAMILY = "1,2";
			};
			name = Release;
		};
/* End XCBuildConfiguration section */

/* Begin XCConfigurationList section */
		A1C2C7B923B03E1700BD3776 /* Build configuration list for PBXProject "Conversores" */ = {
			isa = XCConfigurationList;
			buildConfigurations = (
				A1C2C7D023B03E1A00BD3776 /* Debug */,
				A1C2C7D123B03E1A00BD3776 /* Release */,
			);
			defaultConfigurationIsVisible = 0;
			defaultConfigurationName = Release;
		};
		A1C2C7D223B03E1A00BD3776 /* Build configuration list for PBXNativeTarget "Conversores" */ = {
			isa = XCConfigurationList;
			buildConfigurations = (
				A1C2C7D323B03E1A00BD3776 /* Debug */,
				A1C2C7D423B03E1A00BD3776 /* Release */,
			);
			defaultConfigurationIsVisible = 0;
			defaultConfigurationName = Release;
		};
/* End XCConfigurationList section */
	};
	rootObject = A1C2C7B623B03E1700BD3776 /* Project object */;
}
